// !$*UTF8*$!
{
	archiveVersion = 1;
	classes = {
	};
	objectVersion = 46;
	objects = {

/* Begin PBXBuildFile section */
		EBC318601DDD582600F042C8 /* main.m in Sources */ = {isa = PBXBuildFile; fileRef = EBC3185F1DDD582600F042C8 /* main.m */; };
		EBC318631DDD582600F042C8 /* AppDelegate.m in Sources */ = {isa = PBXBuildFile; fileRef = EBC318621DDD582600F042C8 /* AppDelegate.m */; };
		EBC318691DDD582600F042C8 /* Main.storyboard in Resources */ = {isa = PBXBuildFile; fileRef = EBC318671DDD582600F042C8 /* Main.storyboard */; };
		EBC3186B1DDD582600F042C8 /* Assets.xcassets in Resources */ = {isa = PBXBuildFile; fileRef = EBC3186A1DDD582600F042C8 /* Assets.xcassets */; };
		EBC3186E1DDD582600F042C8 /* LaunchScreen.storyboard in Resources */ = {isa = PBXBuildFile; fileRef = EBC3186C1DDD582600F042C8 /* LaunchScreen.storyboard */; };
		EBC3187F1DDD58D900F042C8 /* JuRefreshBase.m in Sources */ = {isa = PBXBuildFile; fileRef = EBC318781DDD58D900F042C8 /* JuRefreshBase.m */; };
		EBC318801DDD58D900F042C8 /* JuRefreshFoot.m in Sources */ = {isa = PBXBuildFile; fileRef = EBC3187A1DDD58D900F042C8 /* JuRefreshFoot.m */; };
		EBC318811DDD58D900F042C8 /* JuRefreshHead.m in Sources */ = {isa = PBXBuildFile; fileRef = EBC3187C1DDD58D900F042C8 /* JuRefreshHead.m */; };
		EBC318821DDD58D900F042C8 /* UIScrollView+JuRefresh.m in Sources */ = {isa = PBXBuildFile; fileRef = EBC3187E1DDD58D900F042C8 /* UIScrollView+JuRefresh.m */; };
		EBC3189E1DDD59B500F042C8 /* JuLayout.m in Sources */ = {isa = PBXBuildFile; fileRef = EBC318951DDD59B500F042C8 /* JuLayout.m */; };
		EBC3189F1DDD59B500F042C8 /* UIView+Frame.m in Sources */ = {isa = PBXBuildFile; fileRef = EBC318971DDD59B500F042C8 /* UIView+Frame.m */; };
		EBC318A01DDD59B500F042C8 /* UIView+JuConstraint.m in Sources */ = {isa = PBXBuildFile; fileRef = EBC318991DDD59B500F042C8 /* UIView+JuConstraint.m */; };
		EBC318A11DDD59B500F042C8 /* UIView+JuLayGroup.m in Sources */ = {isa = PBXBuildFile; fileRef = EBC3189B1DDD59B500F042C8 /* UIView+JuLayGroup.m */; };
		EBC318A21DDD59B500F042C8 /* UIView+JuLayout.m in Sources */ = {isa = PBXBuildFile; fileRef = EBC3189D1DDD59B500F042C8 /* UIView+JuLayout.m */; };
		EBC318A51DDD59E100F042C8 /* JUTableViewController.m in Sources */ = {isa = PBXBuildFile; fileRef = EBC318A41DDD59E100F042C8 /* JUTableViewController.m */; };
/* End PBXBuildFile section */

/* Begin PBXFileReference section */
		EBC3185B1DDD582600F042C8 /* JuRefresh.app */ = {isa = PBXFileReference; explicitFileType = wrapper.application; includeInIndex = 0; path = JuRefresh.app; sourceTree = BUILT_PRODUCTS_DIR; };
		EBC3185F1DDD582600F042C8 /* main.m */ = {isa = PBXFileReference; lastKnownFileType = sourcecode.c.objc; path = main.m; sourceTree = "<group>"; };
		EBC318611DDD582600F042C8 /* AppDelegate.h */ = {isa = PBXFileReference; lastKnownFileType = sourcecode.c.h; path = AppDelegate.h; sourceTree = "<group>"; };
		EBC318621DDD582600F042C8 /* AppDelegate.m */ = {isa = PBXFileReference; lastKnownFileType = sourcecode.c.objc; path = AppDelegate.m; sourceTree = "<group>"; };
		EBC318681DDD582600F042C8 /* Base */ = {isa = PBXFileReference; lastKnownFileType = file.storyboard; name = Base; path = Base.lproj/Main.storyboard; sourceTree = "<group>"; };
		EBC3186A1DDD582600F042C8 /* Assets.xcassets */ = {isa = PBXFileReference; lastKnownFileType = folder.assetcatalog; path = Assets.xcassets; sourceTree = "<group>"; };
		EBC3186D1DDD582600F042C8 /* Base */ = {isa = PBXFileReference; lastKnownFileType = file.storyboard; name = Base; path = Base.lproj/LaunchScreen.storyboard; sourceTree = "<group>"; };
		EBC3186F1DDD582600F042C8 /* Info.plist */ = {isa = PBXFileReference; lastKnownFileType = text.plist.xml; path = Info.plist; sourceTree = "<group>"; };
		EBC318761DDD58D900F042C8 /* JuRefresh.h */ = {isa = PBXFileReference; fileEncoding = 4; lastKnownFileType = sourcecode.c.h; path = JuRefresh.h; sourceTree = "<group>"; };
		EBC318771DDD58D900F042C8 /* JuRefreshBase.h */ = {isa = PBXFileReference; fileEncoding = 4; lastKnownFileType = sourcecode.c.h; path = JuRefreshBase.h; sourceTree = "<group>"; };
		EBC318781DDD58D900F042C8 /* JuRefreshBase.m */ = {isa = PBXFileReference; fileEncoding = 4; lastKnownFileType = sourcecode.c.objc; path = JuRefreshBase.m; sourceTree = "<group>"; };
		EBC318791DDD58D900F042C8 /* JuRefreshFoot.h */ = {isa = PBXFileReference; fileEncoding = 4; lastKnownFileType = sourcecode.c.h; path = JuRefreshFoot.h; sourceTree = "<group>"; };
		EBC3187A1DDD58D900F042C8 /* JuRefreshFoot.m */ = {isa = PBXFileReference; fileEncoding = 4; lastKnownFileType = sourcecode.c.objc; path = JuRefreshFoot.m; sourceTree = "<group>"; };
		EBC3187B1DDD58D900F042C8 /* JuRefreshHead.h */ = {isa = PBXFileReference; fileEncoding = 4; lastKnownFileType = sourcecode.c.h; path = JuRefreshHead.h; sourceTree = "<group>"; };
		EBC3187C1DDD58D900F042C8 /* JuRefreshHead.m */ = {isa = PBXFileReference; fileEncoding = 4; lastKnownFileType = sourcecode.c.objc; path = JuRefreshHead.m; sourceTree = "<group>"; };
		EBC3187D1DDD58D900F042C8 /* UIScrollView+JuRefresh.h */ = {isa = PBXFileReference; fileEncoding = 4; lastKnownFileType = sourcecode.c.h; path = "UIScrollView+JuRefresh.h"; sourceTree = "<group>"; };
		EBC3187E1DDD58D900F042C8 /* UIScrollView+JuRefresh.m */ = {isa = PBXFileReference; fileEncoding = 4; lastKnownFileType = sourcecode.c.objc; path = "UIScrollView+JuRefresh.m"; sourceTree = "<group>"; };
		EBC318941DDD59B500F042C8 /* JuLayout.h */ = {isa = PBXFileReference; fileEncoding = 4; lastKnownFileType = sourcecode.c.h; path = JuLayout.h; sourceTree = "<group>"; };
		EBC318951DDD59B500F042C8 /* JuLayout.m */ = {isa = PBXFileReference; fileEncoding = 4; lastKnownFileType = sourcecode.c.objc; path = JuLayout.m; sourceTree = "<group>"; };
		EBC318961DDD59B500F042C8 /* UIView+Frame.h */ = {isa = PBXFileReference; fileEncoding = 4; lastKnownFileType = sourcecode.c.h; path = "UIView+Frame.h"; sourceTree = "<group>"; };
		EBC318971DDD59B500F042C8 /* UIView+Frame.m */ = {isa = PBXFileReference; fileEncoding = 4; lastKnownFileType = sourcecode.c.objc; path = "UIView+Frame.m"; sourceTree = "<group>"; };
		EBC318981DDD59B500F042C8 /* UIView+JuConstraint.h */ = {isa = PBXFileReference; fileEncoding = 4; lastKnownFileType = sourcecode.c.h; path = "UIView+JuConstraint.h"; sourceTree = "<group>"; };
		EBC318991DDD59B500F042C8 /* UIView+JuConstraint.m */ = {isa = PBXFileReference; fileEncoding = 4; lastKnownFileType = sourcecode.c.objc; path = "UIView+JuConstraint.m"; sourceTree = "<group>"; };
		EBC3189A1DDD59B500F042C8 /* UIView+JuLayGroup.h */ = {isa = PBXFileReference; fileEncoding = 4; lastKnownFileType = sourcecode.c.h; path = "UIView+JuLayGroup.h"; sourceTree = "<group>"; };
		EBC3189B1DDD59B500F042C8 /* UIView+JuLayGroup.m */ = {isa = PBXFileReference; fileEncoding = 4; lastKnownFileType = sourcecode.c.objc; path = "UIView+JuLayGroup.m"; sourceTree = "<group>"; };
		EBC3189C1DDD59B500F042C8 /* UIView+JuLayout.h */ = {isa = PBXFileReference; fileEncoding = 4; lastKnownFileType = sourcecode.c.h; path = "UIView+JuLayout.h"; sourceTree = "<group>"; };
		EBC3189D1DDD59B500F042C8 /* UIView+JuLayout.m */ = {isa = PBXFileReference; fileEncoding = 4; lastKnownFileType = sourcecode.c.objc; path = "UIView+JuLayout.m"; sourceTree = "<group>"; };
		EBC318A31DDD59E100F042C8 /* JUTableViewController.h */ = {isa = PBXFileReference; fileEncoding = 4; lastKnownFileType = sourcecode.c.h; path = JUTableViewController.h; sourceTree = "<group>"; };
		EBC318A41DDD59E100F042C8 /* JUTableViewController.m */ = {isa = PBXFileReference; fileEncoding = 4; lastKnownFileType = sourcecode.c.objc; path = JUTableViewController.m; sourceTree = "<group>"; };
/* End PBXFileReference section */

/* Begin PBXFrameworksBuildPhase section */
		EBC318581DDD582600F042C8 /* Frameworks */ = {
			isa = PBXFrameworksBuildPhase;
			buildActionMask = 2147483647;
			files = (
			);
			runOnlyForDeploymentPostprocessing = 0;
		};
/* End PBXFrameworksBuildPhase section */

/* Begin PBXGroup section */
		EBC318521DDD582600F042C8 = {
			isa = PBXGroup;
			children = (
				EBC3185D1DDD582600F042C8 /* JuRefresh */,
				EBC3185C1DDD582600F042C8 /* Products */,
			);
			sourceTree = "<group>";
		};
		EBC3185C1DDD582600F042C8 /* Products */ = {
			isa = PBXGroup;
			children = (
				EBC3185B1DDD582600F042C8 /* JuRefresh.app */,
			);
			name = Products;
			sourceTree = "<group>";
		};
		EBC3185D1DDD582600F042C8 /* JuRefresh */ = {
			isa = PBXGroup;
			children = (
				EBC318931DDD59B500F042C8 /* Layout */,
				EBC318751DDD58D900F042C8 /* JuRefresh */,
				EBC318611DDD582600F042C8 /* AppDelegate.h */,
				EBC318621DDD582600F042C8 /* AppDelegate.m */,
				EBC318A31DDD59E100F042C8 /* JUTableViewController.h */,
				EBC318A41DDD59E100F042C8 /* JUTableViewController.m */,
				EBC318671DDD582600F042C8 /* Main.storyboard */,
				EBC3186A1DDD582600F042C8 /* Assets.xcassets */,
				EBC3186C1DDD582600F042C8 /* LaunchScreen.storyboard */,
				EBC3186F1DDD582600F042C8 /* Info.plist */,
				EBC3185E1DDD582600F042C8 /* Supporting Files */,
			);
			path = JuRefresh;
			sourceTree = "<group>";
		};
		EBC3185E1DDD582600F042C8 /* Supporting Files */ = {
			isa = PBXGroup;
			children = (
				EBC3185F1DDD582600F042C8 /* main.m */,
			);
			name = "Supporting Files";
			sourceTree = "<group>";
		};
		EBC318751DDD58D900F042C8 /* JuRefresh */ = {
			isa = PBXGroup;
			children = (
				EBC318761DDD58D900F042C8 /* JuRefresh.h */,
				EBC318771DDD58D900F042C8 /* JuRefreshBase.h */,
				EBC318781DDD58D900F042C8 /* JuRefreshBase.m */,
				EBC318791DDD58D900F042C8 /* JuRefreshFoot.h */,
				EBC3187A1DDD58D900F042C8 /* JuRefreshFoot.m */,
				EBC3187B1DDD58D900F042C8 /* JuRefreshHead.h */,
				EBC3187C1DDD58D900F042C8 /* JuRefreshHead.m */,
				EBC3187D1DDD58D900F042C8 /* UIScrollView+JuRefresh.h */,
				EBC3187E1DDD58D900F042C8 /* UIScrollView+JuRefresh.m */,
			);
			path = JuRefresh;
			sourceTree = "<group>";
		};
		EBC318931DDD59B500F042C8 /* Layout */ = {
			isa = PBXGroup;
			children = (
				EBC318941DDD59B500F042C8 /* JuLayout.h */,
				EBC318951DDD59B500F042C8 /* JuLayout.m */,
				EBC318961DDD59B500F042C8 /* UIView+Frame.h */,
				EBC318971DDD59B500F042C8 /* UIView+Frame.m */,
				EBC318981DDD59B500F042C8 /* UIView+JuConstraint.h */,
				EBC318991DDD59B500F042C8 /* UIView+JuConstraint.m */,
				EBC3189A1DDD59B500F042C8 /* UIView+JuLayGroup.h */,
				EBC3189B1DDD59B500F042C8 /* UIView+JuLayGroup.m */,
				EBC3189C1DDD59B500F042C8 /* UIView+JuLayout.h */,
				EBC3189D1DDD59B500F042C8 /* UIView+JuLayout.m */,
			);
			path = Layout;
			sourceTree = "<group>";
		};
/* End PBXGroup section */

/* Begin PBXNativeTarget section */
		EBC3185A1DDD582600F042C8 /* JuRefresh */ = {
			isa = PBXNativeTarget;
			buildConfigurationList = EBC318721DDD582600F042C8 /* Build configuration list for PBXNativeTarget "JuRefresh" */;
			buildPhases = (
				EBC318571DDD582600F042C8 /* Sources */,
				EBC318581DDD582600F042C8 /* Frameworks */,
				EBC318591DDD582600F042C8 /* Resources */,
			);
			buildRules = (
			);
			dependencies = (
			);
			name = JuRefresh;
			productName = JuRefresh;
			productReference = EBC3185B1DDD582600F042C8 /* JuRefresh.app */;
			productType = "com.apple.product-type.application";
		};
/* End PBXNativeTarget section */

/* Begin PBXProject section */
		EBC318531DDD582600F042C8 /* Project object */ = {
			isa = PBXProject;
			attributes = {
				LastUpgradeCheck = 0810;
				ORGANIZATIONNAME = Juvid;
				TargetAttributes = {
					EBC3185A1DDD582600F042C8 = {
						CreatedOnToolsVersion = 8.1;
						ProvisioningStyle = Automatic;
					};
				};
			};
			buildConfigurationList = EBC318561DDD582600F042C8 /* Build configuration list for PBXProject "JuRefresh" */;
			compatibilityVersion = "Xcode 3.2";
			developmentRegion = English;
			hasScannedForEncodings = 0;
			knownRegions = (
				en,
				Base,
			);
			mainGroup = EBC318521DDD582600F042C8;
			productRefGroup = EBC3185C1DDD582600F042C8 /* Products */;
			projectDirPath = "";
			projectRoot = "";
			targets = (
				EBC3185A1DDD582600F042C8 /* JuRefresh */,
			);
		};
/* End PBXProject section */

/* Begin PBXResourcesBuildPhase section */
		EBC318591DDD582600F042C8 /* Resources */ = {
			isa = PBXResourcesBuildPhase;
			buildActionMask = 2147483647;
			files = (
				EBC3186E1DDD582600F042C8 /* LaunchScreen.storyboard in Resources */,
				EBC3186B1DDD582600F042C8 /* Assets.xcassets in Resources */,
				EBC318691DDD582600F042C8 /* Main.storyboard in Resources */,
			);
			runOnlyForDeploymentPostprocessing = 0;
		};
/* End PBXResourcesBuildPhase section */

/* Begin PBXSourcesBuildPhase section */
		EBC318571DDD582600F042C8 /* Sources */ = {
			isa = PBXSourcesBuildPhase;
			buildActionMask = 2147483647;
			files = (
				EBC318801DDD58D900F042C8 /* JuRefreshFoot.m in Sources */,
				EBC3189E1DDD59B500F042C8 /* JuLayout.m in Sources */,
				EBC3189F1DDD59B500F042C8 /* UIView+Frame.m in Sources */,
				EBC318A51DDD59E100F042C8 /* JUTableViewController.m in Sources */,
				EBC318631DDD582600F042C8 /* AppDelegate.m in Sources */,
				EBC318601DDD582600F042C8 /* main.m in Sources */,
				EBC318A11DDD59B500F042C8 /* UIView+JuLayGroup.m in Sources */,
				EBC318811DDD58D900F042C8 /* JuRefreshHead.m in Sources */,
				EBC3187F1DDD58D900F042C8 /* JuRefreshBase.m in Sources */,
				EBC318A21DDD59B500F042C8 /* UIView+JuLayout.m in Sources */,
				EBC318A01DDD59B500F042C8 /* UIView+JuConstraint.m in Sources */,
				EBC318821DDD58D900F042C8 /* UIScrollView+JuRefresh.m in Sources */,
			);
			runOnlyForDeploymentPostprocessing = 0;
		};
/* End PBXSourcesBuildPhase section */

/* Begin PBXVariantGroup section */
		EBC318671DDD582600F042C8 /* Main.storyboard */ = {
			isa = PBXVariantGroup;
			children = (
				EBC318681DDD582600F042C8 /* Base */,
			);
			name = Main.storyboard;
			sourceTree = "<group>";
		};
		EBC3186C1DDD582600F042C8 /* LaunchScreen.storyboard */ = {
			isa = PBXVariantGroup;
			children = (
				EBC3186D1DDD582600F042C8 /* Base */,
			);
			name = LaunchScreen.storyboard;
			sourceTree = "<group>";
		};
/* End PBXVariantGroup section */

/* Begin XCBuildConfiguration section */
		EBC318701DDD582600F042C8 /* Debug */ = {
			isa = XCBuildConfiguration;
			buildSettings = {
				ALWAYS_SEARCH_USER_PATHS = NO;
				CLANG_ANALYZER_NONNULL = YES;
				CLANG_CXX_LANGUAGE_STANDARD = "gnu++0x";
				CLANG_CXX_LIBRARY = "libc++";
				CLANG_ENABLE_MODULES = YES;
				CLANG_ENABLE_OBJC_ARC = YES;
				CLANG_WARN_BOOL_CONVERSION = YES;
				CLANG_WARN_CONSTANT_CONVERSION = YES;
				CLANG_WARN_DIRECT_OBJC_ISA_USAGE = YES_ERROR;
				CLANG_WARN_DOCUMENTATION_COMMENTS = YES;
				CLANG_WARN_EMPTY_BODY = YES;
				CLANG_WARN_ENUM_CONVERSION = YES;
				CLANG_WARN_INFINITE_RECURSION = YES;
				CLANG_WARN_INT_CONVERSION = YES;
				CLANG_WARN_OBJC_ROOT_CLASS = YES_ERROR;
				CLANG_WARN_SUSPICIOUS_MOVES = YES;
				CLANG_WARN_UNREACHABLE_CODE = YES;
				CLANG_WARN__DUPLICATE_METHOD_MATCH = YES;
				"CODE_SIGN_IDENTITY[sdk=iphoneos*]" = "iPhone Developer";
				COPY_PHASE_STRIP = NO;
				DEBUG_INFORMATION_FORMAT = dwarf;
				ENABLE_STRICT_OBJC_MSGSEND = YES;
				ENABLE_TESTABILITY = YES;
				GCC_C_LANGUAGE_STANDARD = gnu99;
				GCC_DYNAMIC_NO_PIC = NO;
				GCC_NO_COMMON_BLOCKS = YES;
				GCC_OPTIMIZATION_LEVEL = 0;
				GCC_PREPROCESSOR_DEFINITIONS = (
					"DEBUG=1",
					"$(inherited)",
				);
				GCC_WARN_64_TO_32_BIT_CONVERSION = YES;
				GCC_WARN_ABOUT_RETURN_TYPE = YES_ERROR;
				GCC_WARN_UNDECLARED_SELECTOR = YES;
				GCC_WARN_UNINITIALIZED_AUTOS = YES_AGGRESSIVE;
				GCC_WARN_UNUSED_FUNCTION = YES;
				GCC_WARN_UNUSED_VARIABLE = YES;
				IPHONEOS_DEPLOYMENT_TARGET = 10.1;
				MTL_ENABLE_DEBUG_INFO = YES;
				ONLY_ACTIVE_ARCH = YES;
				SDKROOT = iphoneos;
				TARGETED_DEVICE_FAMILY = "1,2";
			};
			name = Debug;
		};
		EBC318711DDD582600F042C8 /* Release */ = {
			isa = XCBuildConfiguration;
			buildSettings = {
				ALWAYS_SEARCH_USER_PATHS = NO;
				CLANG_ANALYZER_NONNULL = YES;
				CLANG_CXX_LANGUAGE_STANDARD = "gnu++0x";
				CLANG_CXX_LIBRARY = "libc++";
				CLANG_ENABLE_MODULES = YES;
				CLANG_ENABLE_OBJC_ARC = YES;
				CLANG_WARN_BOOL_CONVERSION = YES;
				CLANG_WARN_CONSTANT_CONVERSION = YES;
				CLANG_WARN_DIRECT_OBJC_ISA_USAGE = YES_ERROR;
				CLANG_WARN_DOCUMENTATION_COMMENTS = YES;
				CLANG_WARN_EMPTY_BODY = YES;
				CLANG_WARN_ENUM_CONVERSION = YES;
				CLANG_WARN_INFINITE_RECURSION = YES;
				CLANG_WARN_INT_CONVERSION = YES;
				CLANG_WARN_OBJC_ROOT_CLASS = YES_ERROR;
				CLANG_WARN_SUSPICIOUS_MOVES = YES;
				CLANG_WARN_UNREACHABLE_CODE = YES;
				CLANG_WARN__DUPLICATE_METHOD_MATCH = YES;
				"CODE_SIGN_IDENTITY[sdk=iphoneos*]" = "iPhone Developer";
				COPY_PHASE_STRIP = NO;
				DEBUG_INFORMATION_FORMAT = "dwarf-with-dsym";
				ENABLE_NS_ASSERTIONS = NO;
				ENABLE_STRICT_OBJC_MSGSEND = YES;
				GCC_C_LANGUAGE_STANDARD = gnu99;
				GCC_NO_COMMON_BLOCKS = YES;
				GCC_WARN_64_TO_32_BIT_CONVERSION = YES;
				GCC_WARN_ABOUT_RETURN_TYPE = YES_ERROR;
				GCC_WARN_UNDECLARED_SELECTOR = YES;
				GCC_WARN_UNINITIALIZED_AUTOS = YES_AGGRESSIVE;
				GCC_WARN_UNUSED_FUNCTION = YES;
				GCC_WARN_UNUSED_VARIABLE = YES;
				IPHONEOS_DEPLOYMENT_TARGET = 10.1;
				MTL_ENABLE_DEBUG_INFO = NO;
				SDKROOT = iphoneos;
				TARGETED_DEVICE_FAMILY = "1,2";
				VALIDATE_PRODUCT = YES;
			};
			name = Release;
		};
		EBC318731DDD582600F042C8 /* Debug */ = {
			isa = XCBuildConfiguration;
			buildSettings = {
				ASSETCATALOG_COMPILER_APPICON_NAME = AppIcon;
				INFOPLIST_FILE = JuRefresh/Info.plist;
				IPHONEOS_DEPLOYMENT_TARGET = 8.0;
				LD_RUNPATH_SEARCH_PATHS = "$(inherited) @executable_path/Frameworks";
				PRODUCT_BUNDLE_IDENTIFIER = com.wbitech.JuRefresh;
				PRODUCT_NAME = "$(TARGET_NAME)";
			};
			name = Debug;
		};
		EBC318741DDD582600F042C8 /* Release */ = {
			isa = XCBuildConfiguration;
			buildSettings = {
				ASSETCATALOG_COMPILER_APPICON_NAME = AppIcon;
				INFOPLIST_FILE = JuRefresh/Info.plist;
				IPHONEOS_DEPLOYMENT_TARGET = 8.0;
				LD_RUNPATH_SEARCH_PATHS = "$(inherited) @executable_path/Frameworks";
				PRODUCT_BUNDLE_IDENTIFIER = com.wbitech.JuRefresh;
				PRODUCT_NAME = "$(TARGET_NAME)";
			};
			name = Release;
		};
/* End XCBuildConfiguration section */

/* Begin XCConfigurationList section */
		EBC318561DDD582600F042C8 /* Build configuration list for PBXProject "JuRefresh" */ = {
			isa = XCConfigurationList;
			buildConfigurations = (
				EBC318701DDD582600F042C8 /* Debug */,
				EBC318711DDD582600F042C8 /* Release */,
			);
			defaultConfigurationIsVisible = 0;
			defaultConfigurationName = Release;
		};
		EBC318721DDD582600F042C8 /* Build configuration list for PBXNativeTarget "JuRefresh" */ = {
			isa = XCConfigurationList;
			buildConfigurations = (
				EBC318731DDD582600F042C8 /* Debug */,
				EBC318741DDD582600F042C8 /* Release */,
			);
			defaultConfigurationIsVisible = 0;
		};
/* End XCConfigurationList section */
	};
	rootObject = EBC318531DDD582600F042C8 /* Project object */;
}
